
Microsoft Visual Studio Solution File, Format Version 12.00
# Visual Studio Version 17
VisualStudioVersion = 17.10.35122.118
MinimumVisualStudioVersion = 10.0.40219.1
Project("{FAE04EC0-301F-11D3-BF4B-00C04F79EFBC}") = "vatACARS", "vatACARS\vatACARS.csproj", "{1AB6D230-0802-4A58-9E1E-02A91700EC7D}"
EndProject
Global
	GlobalSection(SolutionConfigurationPlatforms) = preSolution
		Debug|Any CPU = Debug|Any CPU
		Release|Any CPU = Release|Any CPU
	EndGlobalSection
	GlobalSection(ProjectConfigurationPlatforms) = postSolution
		{1AB6D230-0802-4A58-9E1E-02A91700EC7D}.Debug|Any CPU.ActiveCfg = Debug|Any CPU
		{1AB6D230-0802-4A58-9E1E-02A91700EC7D}.Debug|Any CPU.Build.0 = Debug|Any CPU
		{1AB6D230-0802-4A58-9E1E-02A91700EC7D}.Release|Any CPU.ActiveCfg = Release|Any CPU
		{1AB6D230-0802-4A58-9E1E-02A91700EC7D}.Release|Any CPU.Build.0 = Release|Any CPU
	EndGlobalSection
	GlobalSection(SolutionProperties) = preSolution
		HideSolutionNode = FALSE
	EndGlobalSection
	GlobalSection(ExtensibilityGlobals) = postSolution
		SolutionGuid = {1FEC25BF-604A-48C5-B16A-13BF85214F2F}
	EndGlobalSection
EndGlobal
